# DO NOT EDIT MANUALLY - Managed by Fern Replay
version: "1.0"
generations:
  - commit_sha: d19576086f2b9400ad09e1f7d0382b12b26d23d3
    tree_hash: 038711f3ef5664361ca477b0b2cbf90b46fb2061
    timestamp: 2026-09-02T23:38:34.447Z
    cli_version: unknown
    generator_versions: {}
current_generation: d19576086f2b9400ad09e1f7d0382b12b26d23d3
patches: []
