# DO NOT EDIT MANUALLY - Managed by Fern Replay
version: "1.0"
generations:
  - commit_sha: d19576086f2b9400ad09e1f7d0382b12b26d23d3
    tree_hash: 038711f3ef5664361ca477b0b2cbf90b46fb2061
    timestamp: 2026-09-02T23:38:34.447Z
    cli_version: unknown
    generator_versions: {}
  - commit_sha: 8f4e1e5fb9d7ef989c64f9c9dfe53dab741c45fe
    tree_hash: 743683e03f31b1790ad3b3bebb2a34c379535136
    timestamp: 2026-09-02T23:38:34.703Z
    cli_version: unknown
    generator_versions:
      fernapi/fern-python-sdk: 5.29.3
current_generation: 8f4e1e5fb9d7ef989c64f9c9dfe53dab741c45fe
patches: []
